// !$*UTF8*$!
{
	archiveVersion = 1;
	classes = {
	};
	objectVersion = 77;
	objects = {

/* Begin PBXBuildFile section */
		07327E0B7A82C17BDF411815 /* DuoPushServiceTests.swift in Sources */ = {isa = PBXBuildFile; fileRef = FFFA9DDDCCC8063A74444221 /* DuoPushServiceTests.swift */; };
		1953FCAC8933D17FF0A8A92F /* HOTPGeneratorTests.swift in Sources */ = {isa = PBXBuildFile; fileRef = A28B12B4D63F1EFC8CD78C65 /* HOTPGeneratorTests.swift */; };
		38AD0FBCF9041F78D84604D7 /* DuoPushService.swift in Sources */ = {isa = PBXBuildFile; fileRef = 667C7E77917A11154E93C9E1 /* DuoPushService.swift */; };
		38DC12F8F9BF422E641D69AD /* HelpView.swift in Sources */ = {isa = PBXBuildFile; fileRef = CB4E33BE84F172E105D0D410 /* HelpView.swift */; };
		3C8EE273701307242FE734DB /* ContentView.swift in Sources */ = {isa = PBXBuildFile; fileRef = B8F799F4ECA1876D669B022A /* ContentView.swift */; };
		3DA7D301C22389EAF3B17E36 /* ChangePasswordView.swift in Sources */ = {isa = PBXBuildFile; fileRef = 989837AC16801549BDA1832D /* ChangePasswordView.swift */; };
		459ADCF35FC5A21014CBBF99 /* Sparkle in Frameworks */ = {isa = PBXBuildFile; productRef = AE458E179C381973B3301D2B /* Sparkle */; };
		4A446F2EC3B5A8D4CCDE3B8A /* DuoDatabaseTests.swift in Sources */ = {isa = PBXBuildFile; fileRef = A74E6B81F3E25265702F2F19 /* DuoDatabaseTests.swift */; };
		4C1C00DA4D44841A8F8FCA2E /* DuoDatabase.swift in Sources */ = {isa = PBXBuildFile; fileRef = 766C59720BF6236251C8DBC8 /* DuoDatabase.swift */; };
		68A622F7D189EB5301BC4432 /* DuoAPIService.swift in Sources */ = {isa = PBXBuildFile; fileRef = 44EBB141D4CF4E1DAC56CA4A /* DuoAPIService.swift */; };
		6BB0CD2C251621E0406FC5B1 /* KeychainService.swift in Sources */ = {isa = PBXBuildFile; fileRef = E4EB2E66AA8CF69D3FEF664F /* KeychainService.swift */; };
		7052C6911740EF6DF80F8A88 /* CryptoService.swift in Sources */ = {isa = PBXBuildFile; fileRef = 1D025DDD6725D1F34D0B8814 /* CryptoService.swift */; };
		73B4BB3974667C08A74EEE5E /* DuoDatabaseManager.swift in Sources */ = {isa = PBXBuildFile; fileRef = 585AC6D24F993876518CE5B9 /* DuoDatabaseManager.swift */; };
		7CE764A35802AFE284849D7B /* AppVersion.swift in Sources */ = {isa = PBXBuildFile; fileRef = E7FA748869FFAF8C1AEA03D9 /* AppVersion.swift */; };
		7D0603D8BED2BE4B3F63C06E /* DuoBeeApp.swift in Sources */ = {isa = PBXBuildFile; fileRef = BECA947E13E63526AB90CDF5 /* DuoBeeApp.swift */; };
		803AA46BAD93C33B0E33A7A0 /* KeychainServiceTests.swift in Sources */ = {isa = PBXBuildFile; fileRef = CB304F004E3C980D05E15296 /* KeychainServiceTests.swift */; };
		9321B18B764959EAC633A0F7 /* SettingsView.swift in Sources */ = {isa = PBXBuildFile; fileRef = A7A2EE647E8A68F437963BF8 /* SettingsView.swift */; };
		99231EF5728A97A5EB928B58 /* UpdaterViewModel.swift in Sources */ = {isa = PBXBuildFile; fileRef = E4DCB249631EA521FAEBA86F /* UpdaterViewModel.swift */; };
		A3126BF9EDD6F6909C9F8323 /* CryptoServiceTests.swift in Sources */ = {isa = PBXBuildFile; fileRef = 7FCE43A6DA95A869C139D883 /* CryptoServiceTests.swift */; };
		A80125088AF93E6B1258C20D /* UpdaterConfigurationTests.swift in Sources */ = {isa = PBXBuildFile; fileRef = A9521B59A98BC54494931B24 /* UpdaterConfigurationTests.swift */; };
		BF963CA7FF39F8487A17CEE5 /* DuoAPIServiceTests.swift in Sources */ = {isa = PBXBuildFile; fileRef = 0249A06FAE1C4CB801B68BFC /* DuoAPIServiceTests.swift */; };
		CCBEAAC2C5EA096A7F18549D /* AboutView.swift in Sources */ = {isa = PBXBuildFile; fileRef = F0CBAF8BC6837EE41AA0D363 /* AboutView.swift */; };
		D729B8184DED5259922EBC3C /* HOTPGenerator.swift in Sources */ = {isa = PBXBuildFile; fileRef = 00A313E24881EC25E0CBF98C /* HOTPGenerator.swift */; };
		D8AB4E4F37C6A55BE30600FF /* AppVersionTests.swift in Sources */ = {isa = PBXBuildFile; fileRef = B9F0C9043AEE0783D804FB91 /* AppVersionTests.swift */; };
		EF5C5441A537386CB32FDB3A /* DuoKey.swift in Sources */ = {isa = PBXBuildFile; fileRef = 4C0AB98E50A425B30CA23A0F /* DuoKey.swift */; };
/* End PBXBuildFile section */

/* Begin PBXContainerItemProxy section */
		DAC0F561CF59E67B7ACDB201 /* PBXContainerItemProxy */ = {
			isa = PBXContainerItemProxy;
			containerPortal = 5F3CD1C72BC16B4986248E6D /* Project object */;
			proxyType = 1;
			remoteGlobalIDString = D68231B5A8D5B548B622B699;
			remoteInfo = DuoBee;
		};
/* End PBXContainerItemProxy section */

/* Begin PBXFileReference section */
		00A313E24881EC25E0CBF98C /* HOTPGenerator.swift */ = {isa = PBXFileReference; lastKnownFileType = sourcecode.swift; path = HOTPGenerator.swift; sourceTree = "<group>"; };
		0249A06FAE1C4CB801B68BFC /* DuoAPIServiceTests.swift */ = {isa = PBXFileReference; lastKnownFileType = sourcecode.swift; path = DuoAPIServiceTests.swift; sourceTree = "<group>"; };
		17D75BDFABA613DFE5B4BD3F /* DuoBeeTests.xctest */ = {isa = PBXFileReference; explicitFileType = wrapper.cfbundle; includeInIndex = 0; path = DuoBeeTests.xctest; sourceTree = BUILT_PRODUCTS_DIR; };
		1D025DDD6725D1F34D0B8814 /* CryptoService.swift */ = {isa = PBXFileReference; lastKnownFileType = sourcecode.swift; path = CryptoService.swift; sourceTree = "<group>"; };
		44EBB141D4CF4E1DAC56CA4A /* DuoAPIService.swift */ = {isa = PBXFileReference; lastKnownFileType = sourcecode.swift; path = DuoAPIService.swift; sourceTree = "<group>"; };
		4C0AB98E50A425B30CA23A0F /* DuoKey.swift */ = {isa = PBXFileReference; lastKnownFileType = sourcecode.swift; path = DuoKey.swift; sourceTree = "<group>"; };
		585AC6D24F993876518CE5B9 /* DuoDatabaseManager.swift */ = {isa = PBXFileReference; lastKnownFileType = sourcecode.swift; path = DuoDatabaseManager.swift; sourceTree = "<group>"; };
		63D7FB9C72813EEC1F8C70F1 /* DuoBee.app */ = {isa = PBXFileReference; explicitFileType = wrapper.application; includeInIndex = 0; path = DuoBee.app; sourceTree = BUILT_PRODUCTS_DIR; };
		667C7E77917A11154E93C9E1 /* DuoPushService.swift */ = {isa = PBXFileReference; lastKnownFileType = sourcecode.swift; path = DuoPushService.swift; sourceTree = "<group>"; };
		766C59720BF6236251C8DBC8 /* DuoDatabase.swift */ = {isa = PBXFileReference; lastKnownFileType = sourcecode.swift; path = DuoDatabase.swift; sourceTree = "<group>"; };
		7FCE43A6DA95A869C139D883 /* CryptoServiceTests.swift */ = {isa = PBXFileReference; lastKnownFileType = sourcecode.swift; path = CryptoServiceTests.swift; sourceTree = "<group>"; };
		989837AC16801549BDA1832D /* ChangePasswordView.swift */ = {isa = PBXFileReference; lastKnownFileType = sourcecode.swift; path = ChangePasswordView.swift; sourceTree = "<group>"; };
		A28B12B4D63F1EFC8CD78C65 /* HOTPGeneratorTests.swift */ = {isa = PBXFileReference; lastKnownFileType = sourcecode.swift; path = HOTPGeneratorTests.swift; sourceTree = "<group>"; };
		A74E6B81F3E25265702F2F19 /* DuoDatabaseTests.swift */ = {isa = PBXFileReference; lastKnownFileType = sourcecode.swift; path = DuoDatabaseTests.swift; sourceTree = "<group>"; };
		A7A2EE647E8A68F437963BF8 /* SettingsView.swift */ = {isa = PBXFileReference; lastKnownFileType = sourcecode.swift; path = SettingsView.swift; sourceTree = "<group>"; };
		A9521B59A98BC54494931B24 /* UpdaterConfigurationTests.swift */ = {isa = PBXFileReference; lastKnownFileType = sourcecode.swift; path = UpdaterConfigurationTests.swift; sourceTree = "<group>"; };
		B8F799F4ECA1876D669B022A /* ContentView.swift */ = {isa = PBXFileReference; lastKnownFileType = sourcecode.swift; path = ContentView.swift; sourceTree = "<group>"; };
		B9F0C9043AEE0783D804FB91 /* AppVersionTests.swift */ = {isa = PBXFileReference; lastKnownFileType = sourcecode.swift; path = AppVersionTests.swift; sourceTree = "<group>"; };
		BECA947E13E63526AB90CDF5 /* DuoBeeApp.swift */ = {isa = PBXFileReference; lastKnownFileType = sourcecode.swift; path = DuoBeeApp.swift; sourceTree = "<group>"; };
		CB304F004E3C980D05E15296 /* KeychainServiceTests.swift */ = {isa = PBXFileReference; lastKnownFileType = sourcecode.swift; path = KeychainServiceTests.swift; sourceTree = "<group>"; };
		CB4E33BE84F172E105D0D410 /* HelpView.swift */ = {isa = PBXFileReference; lastKnownFileType = sourcecode.swift; path = HelpView.swift; sourceTree = "<group>"; };
		E4DCB249631EA521FAEBA86F /* UpdaterViewModel.swift */ = {isa = PBXFileReference; lastKnownFileType = sourcecode.swift; path = UpdaterViewModel.swift; sourceTree = "<group>"; };
		E4EB2E66AA8CF69D3FEF664F /* KeychainService.swift */ = {isa = PBXFileReference; lastKnownFileType = sourcecode.swift; path = KeychainService.swift; sourceTree = "<group>"; };
		E7FA748869FFAF8C1AEA03D9 /* AppVersion.swift */ = {isa = PBXFileReference; lastKnownFileType = sourcecode.swift; path = AppVersion.swift; sourceTree = "<group>"; };
		F0CBAF8BC6837EE41AA0D363 /* AboutView.swift */ = {isa = PBXFileReference; lastKnownFileType = sourcecode.swift; path = AboutView.swift; sourceTree = "<group>"; };
		FFFA9DDDCCC8063A74444221 /* DuoPushServiceTests.swift */ = {isa = PBXFileReference; lastKnownFileType = sourcecode.swift; path = DuoPushServiceTests.swift; sourceTree = "<group>"; };
/* End PBXFileReference section */

/* Begin PBXFrameworksBuildPhase section */
		4E785042DBAC5EBE733D2620 /* Frameworks */ = {
			isa = PBXFrameworksBuildPhase;
			buildActionMask = 2147483647;
			files = (
				459ADCF35FC5A21014CBBF99 /* Sparkle in Frameworks */,
			);
			runOnlyForDeploymentPostprocessing = 0;
		};
/* End PBXFrameworksBuildPhase section */

/* Begin PBXGroup section */
		22A0A476C19EA90570C0121F /* Models */ = {
			isa = PBXGroup;
			children = (
				766C59720BF6236251C8DBC8 /* DuoDatabase.swift */,
				585AC6D24F993876518CE5B9 /* DuoDatabaseManager.swift */,
				4C0AB98E50A425B30CA23A0F /* DuoKey.swift */,
			);
			path = Models;
			sourceTree = "<group>";
		};
		8AF84E12EA7F5C9C161B6D46 /* Services */ = {
			isa = PBXGroup;
			children = (
				1D025DDD6725D1F34D0B8814 /* CryptoService.swift */,
				44EBB141D4CF4E1DAC56CA4A /* DuoAPIService.swift */,
				667C7E77917A11154E93C9E1 /* DuoPushService.swift */,
				00A313E24881EC25E0CBF98C /* HOTPGenerator.swift */,
				E4EB2E66AA8CF69D3FEF664F /* KeychainService.swift */,
			);
			path = Services;
			sourceTree = "<group>";
		};
		C8C006276A4C41F9BC89476E /* Tests */ = {
			isa = PBXGroup;
			children = (
				B9F0C9043AEE0783D804FB91 /* AppVersionTests.swift */,
				7FCE43A6DA95A869C139D883 /* CryptoServiceTests.swift */,
				0249A06FAE1C4CB801B68BFC /* DuoAPIServiceTests.swift */,
				A74E6B81F3E25265702F2F19 /* DuoDatabaseTests.swift */,
				FFFA9DDDCCC8063A74444221 /* DuoPushServiceTests.swift */,
				A28B12B4D63F1EFC8CD78C65 /* HOTPGeneratorTests.swift */,
				CB304F004E3C980D05E15296 /* KeychainServiceTests.swift */,
				A9521B59A98BC54494931B24 /* UpdaterConfigurationTests.swift */,
			);
			name = Tests;
			path = DuoBee/Tests;
			sourceTree = "<group>";
		};
		CE820B1A13A9EC321D22F026 = {
			isa = PBXGroup;
			children = (
				F444B016F804B8AC5A848DC2 /* Sources */,
				C8C006276A4C41F9BC89476E /* Tests */,
				D7A99B62DE44A50E28E71FE8 /* Products */,
			);
			sourceTree = "<group>";
		};
		D13F4D589E48D549A3E257C7 /* Views */ = {
			isa = PBXGroup;
			children = (
				F0CBAF8BC6837EE41AA0D363 /* AboutView.swift */,
				989837AC16801549BDA1832D /* ChangePasswordView.swift */,
				B8F799F4ECA1876D669B022A /* ContentView.swift */,
				CB4E33BE84F172E105D0D410 /* HelpView.swift */,
				A7A2EE647E8A68F437963BF8 /* SettingsView.swift */,
			);
			path = Views;
			sourceTree = "<group>";
		};
		D7A99B62DE44A50E28E71FE8 /* Products */ = {
			isa = PBXGroup;
			children = (
				63D7FB9C72813EEC1F8C70F1 /* DuoBee.app */,
				17D75BDFABA613DFE5B4BD3F /* DuoBeeTests.xctest */,
			);
			name = Products;
			sourceTree = "<group>";
		};
		F444B016F804B8AC5A848DC2 /* Sources */ = {
			isa = PBXGroup;
			children = (
				E7FA748869FFAF8C1AEA03D9 /* AppVersion.swift */,
				BECA947E13E63526AB90CDF5 /* DuoBeeApp.swift */,
				E4DCB249631EA521FAEBA86F /* UpdaterViewModel.swift */,
				22A0A476C19EA90570C0121F /* Models */,
				8AF84E12EA7F5C9C161B6D46 /* Services */,
				D13F4D589E48D549A3E257C7 /* Views */,
			);
			name = Sources;
			path = DuoBee/Sources;
			sourceTree = "<group>";
		};
/* End PBXGroup section */

/* Begin PBXNativeTarget section */
		200FE7C71DCD07B2EF011DAB /* DuoBeeTests */ = {
			isa = PBXNativeTarget;
			buildConfigurationList = DF0E337DFB24BB21411FE585 /* Build configuration list for PBXNativeTarget "DuoBeeTests" */;
			buildPhases = (
				F1A02036179D6CC4F3079B2E /* Sources */,
			);
			buildRules = (
			);
			dependencies = (
				C8F7990C35012E478276ECE6 /* PBXTargetDependency */,
			);
			name = DuoBeeTests;
			packageProductDependencies = (
			);
			productName = DuoBeeTests;
			productReference = 17D75BDFABA613DFE5B4BD3F /* DuoBeeTests.xctest */;
			productType = "com.apple.product-type.bundle.unit-test";
		};
		D68231B5A8D5B548B622B699 /* DuoBee */ = {
			isa = PBXNativeTarget;
			buildConfigurationList = 22F5DE5CCD3E846C6A0E768D /* Build configuration list for PBXNativeTarget "DuoBee" */;
			buildPhases = (
				5378B88FF8DB0A6AAC6831A5 /* Copy App Icon */,
				34DA1AB5578A3B368DFBEB5D /* Sources */,
				4E785042DBAC5EBE733D2620 /* Frameworks */,
			);
			buildRules = (
			);
			dependencies = (
			);
			name = DuoBee;
			packageProductDependencies = (
				AE458E179C381973B3301D2B /* Sparkle */,
			);
			productName = DuoBee;
			productReference = 63D7FB9C72813EEC1F8C70F1 /* DuoBee.app */;
			productType = "com.apple.product-type.application";
		};
/* End PBXNativeTarget section */

/* Begin PBXProject section */
		5F3CD1C72BC16B4986248E6D /* Project object */ = {
			isa = PBXProject;
			attributes = {
				BuildIndependentTargetsInParallel = YES;
				LastUpgradeCheck = 1430;
				TargetAttributes = {
				};
			};
			buildConfigurationList = 22D9856F9975AE2F8FDC2C57 /* Build configuration list for PBXProject "DuoBee" */;
			developmentRegion = en;
			hasScannedForEncodings = 0;
			knownRegions = (
				Base,
				en,
			);
			mainGroup = CE820B1A13A9EC321D22F026;
			minimizedProjectReferenceProxies = 1;
			packageReferences = (
				C67D42774B8B2BD7EBE401F3 /* XCRemoteSwiftPackageReference "Sparkle" */,
			);
			preferredProjectObjectVersion = 77;
			productRefGroup = D7A99B62DE44A50E28E71FE8 /* Products */;
			projectDirPath = "";
			projectRoot = "";
			targets = (
				D68231B5A8D5B548B622B699 /* DuoBee */,
				200FE7C71DCD07B2EF011DAB /* DuoBeeTests */,
			);
		};
/* End PBXProject section */

/* Begin PBXShellScriptBuildPhase section */
		5378B88FF8DB0A6AAC6831A5 /* Copy App Icon */ = {
			isa = PBXShellScriptBuildPhase;
			buildActionMask = 2147483647;
			files = (
			);
			inputFileListPaths = (
			);
			inputPaths = (
			);
			name = "Copy App Icon";
			outputFileListPaths = (
			);
			outputPaths = (
			);
			runOnlyForDeploymentPostprocessing = 0;
			shellPath = /bin/sh;
			shellScript = "# Copy app icon to Resources folder in app bundle\nmkdir -p \"${BUILT_PRODUCTS_DIR}/${PRODUCT_NAME}.app/Contents/Resources\"\ncp \"${SRCROOT}/DuoBee/Resources/AppIcon.icns\" \"${BUILT_PRODUCTS_DIR}/${PRODUCT_NAME}.app/Contents/Resources/\"\n";
		};
/* End PBXShellScriptBuildPhase section */

/* Begin PBXSourcesBuildPhase section */
		34DA1AB5578A3B368DFBEB5D /* Sources */ = {
			isa = PBXSourcesBuildPhase;
			buildActionMask = 2147483647;
			files = (
				CCBEAAC2C5EA096A7F18549D /* AboutView.swift in Sources */,
				7CE764A35802AFE284849D7B /* AppVersion.swift in Sources */,
				3DA7D301C22389EAF3B17E36 /* ChangePasswordView.swift in Sources */,
				3C8EE273701307242FE734DB /* ContentView.swift in Sources */,
				7052C6911740EF6DF80F8A88 /* CryptoService.swift in Sources */,
				68A622F7D189EB5301BC4432 /* DuoAPIService.swift in Sources */,
				7D0603D8BED2BE4B3F63C06E /* DuoBeeApp.swift in Sources */,
				4C1C00DA4D44841A8F8FCA2E /* DuoDatabase.swift in Sources */,
				73B4BB3974667C08A74EEE5E /* DuoDatabaseManager.swift in Sources */,
				EF5C5441A537386CB32FDB3A /* DuoKey.swift in Sources */,
				38AD0FBCF9041F78D84604D7 /* DuoPushService.swift in Sources */,
				D729B8184DED5259922EBC3C /* HOTPGenerator.swift in Sources */,
				38DC12F8F9BF422E641D69AD /* HelpView.swift in Sources */,
				6BB0CD2C251621E0406FC5B1 /* KeychainService.swift in Sources */,
				9321B18B764959EAC633A0F7 /* SettingsView.swift in Sources */,
				99231EF5728A97A5EB928B58 /* UpdaterViewModel.swift in Sources */,
			);
			runOnlyForDeploymentPostprocessing = 0;
		};
		F1A02036179D6CC4F3079B2E /* Sources */ = {
			isa = PBXSourcesBuildPhase;
			buildActionMask = 2147483647;
			files = (
				D8AB4E4F37C6A55BE30600FF /* AppVersionTests.swift in Sources */,
				A3126BF9EDD6F6909C9F8323 /* CryptoServiceTests.swift in Sources */,
				BF963CA7FF39F8487A17CEE5 /* DuoAPIServiceTests.swift in Sources */,
				4A446F2EC3B5A8D4CCDE3B8A /* DuoDatabaseTests.swift in Sources */,
				07327E0B7A82C17BDF411815 /* DuoPushServiceTests.swift in Sources */,
				1953FCAC8933D17FF0A8A92F /* HOTPGeneratorTests.swift in Sources */,
				803AA46BAD93C33B0E33A7A0 /* KeychainServiceTests.swift in Sources */,
				A80125088AF93E6B1258C20D /* UpdaterConfigurationTests.swift in Sources */,
			);
			runOnlyForDeploymentPostprocessing = 0;
		};
/* End PBXSourcesBuildPhase section */

/* Begin PBXTargetDependency section */
		C8F7990C35012E478276ECE6 /* PBXTargetDependency */ = {
			isa = PBXTargetDependency;
			target = D68231B5A8D5B548B622B699 /* DuoBee */;
			targetProxy = DAC0F561CF59E67B7ACDB201 /* PBXContainerItemProxy */;
		};
/* End PBXTargetDependency section */

/* Begin XCBuildConfiguration section */
		04B6A334AF7045531C623384 /* Debug */ = {
			isa = XCBuildConfiguration;
			buildSettings = {
				ALWAYS_SEARCH_USER_PATHS = NO;
				CLANG_ANALYZER_NONNULL = YES;
				CLANG_ANALYZER_NUMBER_OBJECT_CONVERSION = YES_AGGRESSIVE;
				CLANG_CXX_LANGUAGE_STANDARD = "gnu++14";
				CLANG_CXX_LIBRARY = "libc++";
				CLANG_ENABLE_MODULES = YES;
				CLANG_ENABLE_OBJC_ARC = YES;
				CLANG_ENABLE_OBJC_WEAK = YES;
				CLANG_WARN_BLOCK_CAPTURE_AUTORELEASING = YES;
				CLANG_WARN_BOOL_CONVERSION = YES;
				CLANG_WARN_COMMA = YES;
				CLANG_WARN_CONSTANT_CONVERSION = YES;
				CLANG_WARN_DEPRECATED_OBJC_IMPLEMENTATIONS = YES;
				CLANG_WARN_DIRECT_OBJC_ISA_USAGE = YES_ERROR;
				CLANG_WARN_DOCUMENTATION_COMMENTS = YES;
				CLANG_WARN_EMPTY_BODY = YES;
				CLANG_WARN_ENUM_CONVERSION = YES;
				CLANG_WARN_INFINITE_RECURSION = YES;
				CLANG_WARN_INT_CONVERSION = YES;
				CLANG_WARN_NON_LITERAL_NULL_CONVERSION = YES;
				CLANG_WARN_OBJC_IMPLICIT_RETAIN_SELF = YES;
				CLANG_WARN_OBJC_LITERAL_CONVERSION = YES;
				CLANG_WARN_OBJC_ROOT_CLASS = YES_ERROR;
				CLANG_WARN_QUOTED_INCLUDE_IN_FRAMEWORK_HEADER = YES;
				CLANG_WARN_RANGE_LOOP_ANALYSIS = YES;
				CLANG_WARN_STRICT_PROTOTYPES = YES;
				CLANG_WARN_SUSPICIOUS_MOVE = YES;
				CLANG_WARN_UNGUARDED_AVAILABILITY = YES_AGGRESSIVE;
				CLANG_WARN_UNREACHABLE_CODE = YES;
				CLANG_WARN__DUPLICATE_METHOD_MATCH = YES;
				COPY_PHASE_STRIP = NO;
				DEBUG_INFORMATION_FORMAT = dwarf;
				ENABLE_STRICT_OBJC_MSGSEND = YES;
				ENABLE_TESTABILITY = YES;
				GCC_C_LANGUAGE_STANDARD = gnu11;
				GCC_DYNAMIC_NO_PIC = NO;
				GCC_NO_COMMON_BLOCKS = YES;
				GCC_OPTIMIZATION_LEVEL = 0;
				GCC_PREPROCESSOR_DEFINITIONS = (
					"$(inherited)",
					"DEBUG=1",
				);
				GCC_WARN_64_TO_32_BIT_CONVERSION = YES;
				GCC_WARN_ABOUT_RETURN_TYPE = YES_ERROR;
				GCC_WARN_UNDECLARED_SELECTOR = YES;
				GCC_WARN_UNINITIALIZED_AUTOS = YES_AGGRESSIVE;
				GCC_WARN_UNUSED_FUNCTION = YES;
				GCC_WARN_UNUSED_VARIABLE = YES;
				MACOSX_DEPLOYMENT_TARGET = 14.0;
				MTL_ENABLE_DEBUG_INFO = INCLUDE_SOURCE;
				MTL_FAST_MATH = YES;
				ONLY_ACTIVE_ARCH = YES;
				PRODUCT_NAME = "$(TARGET_NAME)";
				SDKROOT = macosx;
				SWIFT_ACTIVE_COMPILATION_CONDITIONS = DEBUG;
				SWIFT_OPTIMIZATION_LEVEL = "-Onone";
				SWIFT_VERSION = 5.0;
			};
			name = Debug;
		};
		88D8C396DFCA75F00791B7B6 /* Debug */ = {
			isa = XCBuildConfiguration;
			buildSettings = {
				ASSETCATALOG_COMPILER_APPICON_NAME = AppIcon;
				ASSETCATALOG_COMPILER_GLOBAL_ACCENT_COLOR_NAME = AccentColor;
				CODE_SIGN_ENTITLEMENTS = DuoBee/Resources/DuoBee.entitlements;
				COMBINE_HIDPI_IMAGES = YES;
				ENABLE_HARDENED_RUNTIME = YES;
				ENABLE_PREVIEWS = YES;
				INFOPLIST_FILE = DuoBee/Resources/Info.plist;
				LD_RUNPATH_SEARCH_PATHS = (
					"$(inherited)",
					"@executable_path/../Frameworks",
				);
				MACOSX_DEPLOYMENT_TARGET = 14.0;
				PRODUCT_BUNDLE_IDENTIFIER = io.bino.duobee;
				SDKROOT = macosx;
				SWIFT_VERSION = 5.0;
			};
			name = Debug;
		};
		91D3ED8F676F390D23FC3D64 /* Release */ = {
			isa = XCBuildConfiguration;
			buildSettings = {
				ALWAYS_SEARCH_USER_PATHS = NO;
				CLANG_ANALYZER_NONNULL = YES;
				CLANG_ANALYZER_NUMBER_OBJECT_CONVERSION = YES_AGGRESSIVE;
				CLANG_CXX_LANGUAGE_STANDARD = "gnu++14";
				CLANG_CXX_LIBRARY = "libc++";
				CLANG_ENABLE_MODULES = YES;
				CLANG_ENABLE_OBJC_ARC = YES;
				CLANG_ENABLE_OBJC_WEAK = YES;
				CLANG_WARN_BLOCK_CAPTURE_AUTORELEASING = YES;
				CLANG_WARN_BOOL_CONVERSION = YES;
				CLANG_WARN_COMMA = YES;
				CLANG_WARN_CONSTANT_CONVERSION = YES;
				CLANG_WARN_DEPRECATED_OBJC_IMPLEMENTATIONS = YES;
				CLANG_WARN_DIRECT_OBJC_ISA_USAGE = YES_ERROR;
				CLANG_WARN_DOCUMENTATION_COMMENTS = YES;
				CLANG_WARN_EMPTY_BODY = YES;
				CLANG_WARN_ENUM_CONVERSION = YES;
				CLANG_WARN_INFINITE_RECURSION = YES;
				CLANG_WARN_INT_CONVERSION = YES;
				CLANG_WARN_NON_LITERAL_NULL_CONVERSION = YES;
				CLANG_WARN_OBJC_IMPLICIT_RETAIN_SELF = YES;
				CLANG_WARN_OBJC_LITERAL_CONVERSION = YES;
				CLANG_WARN_OBJC_ROOT_CLASS = YES_ERROR;
				CLANG_WARN_QUOTED_INCLUDE_IN_FRAMEWORK_HEADER = YES;
				CLANG_WARN_RANGE_LOOP_ANALYSIS = YES;
				CLANG_WARN_STRICT_PROTOTYPES = YES;
				CLANG_WARN_SUSPICIOUS_MOVE = YES;
				CLANG_WARN_UNGUARDED_AVAILABILITY = YES_AGGRESSIVE;
				CLANG_WARN_UNREACHABLE_CODE = YES;
				CLANG_WARN__DUPLICATE_METHOD_MATCH = YES;
				COPY_PHASE_STRIP = NO;
				DEBUG_INFORMATION_FORMAT = "dwarf-with-dsym";
				ENABLE_NS_ASSERTIONS = NO;
				ENABLE_STRICT_OBJC_MSGSEND = YES;
				GCC_C_LANGUAGE_STANDARD = gnu11;
				GCC_NO_COMMON_BLOCKS = YES;
				GCC_WARN_64_TO_32_BIT_CONVERSION = YES;
				GCC_WARN_ABOUT_RETURN_TYPE = YES_ERROR;
				GCC_WARN_UNDECLARED_SELECTOR = YES;
				GCC_WARN_UNINITIALIZED_AUTOS = YES_AGGRESSIVE;
				GCC_WARN_UNUSED_FUNCTION = YES;
				GCC_WARN_UNUSED_VARIABLE = YES;
				MACOSX_DEPLOYMENT_TARGET = 14.0;
				MTL_ENABLE_DEBUG_INFO = NO;
				MTL_FAST_MATH = YES;
				PRODUCT_NAME = "$(TARGET_NAME)";
				SDKROOT = macosx;
				SWIFT_COMPILATION_MODE = wholemodule;
				SWIFT_OPTIMIZATION_LEVEL = "-O";
				SWIFT_VERSION = 5.0;
			};
			name = Release;
		};
		980796349D47D459CB2D8496 /* Release */ = {
			isa = XCBuildConfiguration;
			buildSettings = {
				ASSETCATALOG_COMPILER_APPICON_NAME = AppIcon;
				ASSETCATALOG_COMPILER_GLOBAL_ACCENT_COLOR_NAME = AccentColor;
				CODE_SIGN_ENTITLEMENTS = DuoBee/Resources/DuoBee.entitlements;
				COMBINE_HIDPI_IMAGES = YES;
				ENABLE_HARDENED_RUNTIME = YES;
				ENABLE_PREVIEWS = YES;
				INFOPLIST_FILE = DuoBee/Resources/Info.plist;
				LD_RUNPATH_SEARCH_PATHS = (
					"$(inherited)",
					"@executable_path/../Frameworks",
				);
				MACOSX_DEPLOYMENT_TARGET = 14.0;
				PRODUCT_BUNDLE_IDENTIFIER = io.bino.duobee;
				SDKROOT = macosx;
				SWIFT_VERSION = 5.0;
			};
			name = Release;
		};
		C5E475AC2334243838DEFBCE /* Release */ = {
			isa = XCBuildConfiguration;
			buildSettings = {
				BUNDLE_LOADER = "$(TEST_HOST)";
				COMBINE_HIDPI_IMAGES = YES;
				GENERATE_INFOPLIST_FILE = YES;
				LD_RUNPATH_SEARCH_PATHS = (
					"$(inherited)",
					"@executable_path/../Frameworks",
					"@loader_path/../Frameworks",
				);
				MACOSX_DEPLOYMENT_TARGET = 14.0;
				PRODUCT_BUNDLE_IDENTIFIER = io.bino.duobee.tests;
				SDKROOT = macosx;
				SWIFT_VERSION = 5.0;
				TEST_HOST = "$(BUILT_PRODUCTS_DIR)/DuoBee.app/Contents/MacOS/DuoBee";
			};
			name = Release;
		};
		E4ABF3776A18FE3A12C9F03F /* Debug */ = {
			isa = XCBuildConfiguration;
			buildSettings = {
				BUNDLE_LOADER = "$(TEST_HOST)";
				COMBINE_HIDPI_IMAGES = YES;
				GENERATE_INFOPLIST_FILE = YES;
				LD_RUNPATH_SEARCH_PATHS = (
					"$(inherited)",
					"@executable_path/../Frameworks",
					"@loader_path/../Frameworks",
				);
				MACOSX_DEPLOYMENT_TARGET = 14.0;
				PRODUCT_BUNDLE_IDENTIFIER = io.bino.duobee.tests;
				SDKROOT = macosx;
				SWIFT_VERSION = 5.0;
				TEST_HOST = "$(BUILT_PRODUCTS_DIR)/DuoBee.app/Contents/MacOS/DuoBee";
			};
			name = Debug;
		};
/* End XCBuildConfiguration section */

/* Begin XCConfigurationList section */
		22D9856F9975AE2F8FDC2C57 /* Build configuration list for PBXProject "DuoBee" */ = {
			isa = XCConfigurationList;
			buildConfigurations = (
				04B6A334AF7045531C623384 /* Debug */,
				91D3ED8F676F390D23FC3D64 /* Release */,
			);
			defaultConfigurationIsVisible = 0;
			defaultConfigurationName = Debug;
		};
		22F5DE5CCD3E846C6A0E768D /* Build configuration list for PBXNativeTarget "DuoBee" */ = {
			isa = XCConfigurationList;
			buildConfigurations = (
				88D8C396DFCA75F00791B7B6 /* Debug */,
				980796349D47D459CB2D8496 /* Release */,
			);
			defaultConfigurationIsVisible = 0;
			defaultConfigurationName = Debug;
		};
		DF0E337DFB24BB21411FE585 /* Build configuration list for PBXNativeTarget "DuoBeeTests" */ = {
			isa = XCConfigurationList;
			buildConfigurations = (
				E4ABF3776A18FE3A12C9F03F /* Debug */,
				C5E475AC2334243838DEFBCE /* Release */,
			);
			defaultConfigurationIsVisible = 0;
			defaultConfigurationName = Debug;
		};
/* End XCConfigurationList section */

/* Begin XCRemoteSwiftPackageReference section */
		C67D42774B8B2BD7EBE401F3 /* XCRemoteSwiftPackageReference "Sparkle" */ = {
			isa = XCRemoteSwiftPackageReference;
			repositoryURL = "https://github.com/sparkle-project/Sparkle";
			requirement = {
				kind = exactVersion;
				version = 2.9.5;
			};
		};
/* End XCRemoteSwiftPackageReference section */

/* Begin XCSwiftPackageProductDependency section */
		AE458E179C381973B3301D2B /* Sparkle */ = {
			isa = XCSwiftPackageProductDependency;
			package = C67D42774B8B2BD7EBE401F3 /* XCRemoteSwiftPackageReference "Sparkle" */;
			productName = Sparkle;
		};
/* End XCSwiftPackageProductDependency section */
	};
	rootObject = 5F3CD1C72BC16B4986248E6D /* Project object */;
}
